# THIS IS AN AUTOGENERATED FILE. DO NOT EDIT THIS FILE DIRECTLY.
# yarn lockfile v1


lodash@^4.17.4:
  version "4.17.19"
  resolved "https://registry.yarnpkg.com/lodash/-/lodash-4.17.19.tgz#e48ddedbe30b3321783c5b4301fbd353bc1e4a4b"
  integrity sha512-JNvd8XER9GQX0v2qJgsaN/mzFCNA5BRe/j8JN9d+tWyGLSodKQHKFicdwNYzWwI3wjRnaKPsGj1XkBjx/F96DQ==

react-string-replace@^0.4.4:
  version "0.4.4"
  resolved "https://registry.yarnpkg.com/react-string-replace/-/react-string-replace-0.4.4.tgz#24006fbe0db573d5be583133df38b1a735cb4225"
  integrity sha512-FAMkhxmDpCsGTwTZg7p/2v+/GTmxAp73so3fbSvlAcBBX36ujiGRNEaM/1u+jiYQrArhns+7eE92g2pi5E5FUA==
  dependencies:
    lodash "^4.17.4"
